
Microsoft Visual Studio Solution File, Format Version 12.00
# Visual Studio Version 16
VisualStudioVersion = 16.0.29613.14
MinimumVisualStudioVersion = 10.0.40219.1
Project("{FAE04EC0-301F-11D3-BF4B-00C04F79EFBC}") = "Composite", "Composite\Composite.csproj", "{038BFA8D-14B0-4E44-BF38-B6F4A8A4729C}"
EndProject
Global
	GlobalSection(SolutionConfigurationPlatforms) = preSolution
		Debug|Any CPU = Debug|Any CPU
		Release|Any CPU = Release|Any CPU
	EndGlobalSection
	GlobalSection(ProjectConfigurationPlatforms) = postSolution
		{038BFA8D-14B0-4E44-BF38-B6F4A8A4729C}.Debug|Any CPU.ActiveCfg = Debug|Any CPU
		{038BFA8D-14B0-4E44-BF38-B6F4A8A4729C}.Debug|Any CPU.Build.0 = Debug|Any CPU
		{038BFA8D-14B0-4E44-BF38-B6F4A8A4729C}.Release|Any CPU.ActiveCfg = Release|Any CPU
		{038BFA8D-14B0-4E44-BF38-B6F4A8A4729C}.Release|Any CPU.Build.0 = Release|Any CPU
	EndGlobalSection
	GlobalSection(SolutionProperties) = preSolution
		HideSolutionNode = FALSE
	EndGlobalSection
	GlobalSection(ExtensibilityGlobals) = postSolution
		SolutionGuid = {77B1920B-24F5-49FE-B72F-221A4F79D1B3}
	EndGlobalSection
EndGlobal
